// !$*UTF8*$!
{
	archiveVersion = 1;
	classes = {
	};
	objectVersion = 50;
	objects = {

/* Begin PBXBuildFile section */
		C83954B3218944E0002ACE49 /* AppDelegate.swift in Sources */ = {isa = PBXBuildFile; fileRef = C83954B2218944E0002ACE49 /* AppDelegate.swift */; };
		C83954B5218944E0002ACE49 /* ViewController.swift in Sources */ = {isa = PBXBuildFile; fileRef = C83954B4218944E0002ACE49 /* ViewController.swift */; };
		C83954B8218944E0002ACE49 /* Main.storyboard in Resources */ = {isa = PBXBuildFile; fileRef = C83954B6218944E0002ACE49 /* Main.storyboard */; };
		C83954BA218944E3002ACE49 /* Assets.xcassets in Resources */ = {isa = PBXBuildFile; fileRef = C83954B9218944E3002ACE49 /* Assets.xcassets */; };
		C83954BD218944E3002ACE49 /* LaunchScreen.storyboard in Resources */ = {isa = PBXBuildFile; fileRef = C83954BB218944E3002ACE49 /* LaunchScreen.storyboard */; };
		C83954C8218944E3002ACE49 /* TipsterTests.swift in Sources */ = {isa = PBXBuildFile; fileRef = C83954C7218944E3002ACE49 /* TipsterTests.swift */; };
		C83954D3218944E3002ACE49 /* TipsterUITests.swift in Sources */ = {isa = PBXBuildFile; fileRef = C83954D2218944E3002ACE49 /* TipsterUITests.swift */; };
/* End PBXBuildFile section */

/* Begin PBXContainerItemProxy section */
		C83954C4218944E3002ACE49 /* PBXContainerItemProxy */ = {
			isa = PBXContainerItemProxy;
			containerPortal = C83954A7218944E0002ACE49 /* Project object */;
			proxyType = 1;
			remoteGlobalIDString = C83954AE218944E0002ACE49;
			remoteInfo = Tipster;
		};
		C83954CF218944E3002ACE49 /* PBXContainerItemProxy */ = {
			isa = PBXContainerItemProxy;
			containerPortal = C83954A7218944E0002ACE49 /* Project object */;
			proxyType = 1;
			remoteGlobalIDString = C83954AE218944E0002ACE49;
			remoteInfo = Tipster;
		};
/* End PBXContainerItemProxy section */

/* Begin PBXFileReference section */
		C83954AF218944E0002ACE49 /* Tipster.app */ = {isa = PBXFileReference; explicitFileType = wrapper.application; includeInIndex = 0; path = Tipster.app; sourceTree = BUILT_PRODUCTS_DIR; };
		C83954B2218944E0002ACE49 /* AppDelegate.swift */ = {isa = PBXFileReference; lastKnownFileType = sourcecode.swift; path = AppDelegate.swift; sourceTree = "<group>"; };
		C83954B4218944E0002ACE49 /* ViewController.swift */ = {isa = PBXFileReference; lastKnownFileType = sourcecode.swift; path = ViewController.swift; sourceTree = "<group>"; };
		C83954B7218944E0002ACE49 /* Base */ = {isa = PBXFileReference; lastKnownFileType = file.storyboard; name = Base; path = Base.lproj/Main.storyboard; sourceTree = "<group>"; };
		C83954B9218944E3002ACE49 /* Assets.xcassets */ = {isa = PBXFileReference; lastKnownFileType = folder.assetcatalog; path = Assets.xcassets; sourceTree = "<group>"; };
		C83954BC218944E3002ACE49 /* Base */ = {isa = PBXFileReference; lastKnownFileType = file.storyboard; name = Base; path = Base.lproj/LaunchScreen.storyboard; sourceTree = "<group>"; };
		C83954BE218944E3002ACE49 /* Info.plist */ = {isa = PBXFileReference; lastKnownFileType = text.plist.xml; path = Info.plist; sourceTree = "<group>"; };
		C83954C3218944E3002ACE49 /* TipsterTests.xctest */ = {isa = PBXFileReference; explicitFileType = wrapper.cfbundle; includeInIndex = 0; path = TipsterTests.xctest; sourceTree = BUILT_PRODUCTS_DIR; };
		C83954C7218944E3002ACE49 /* TipsterTests.swift */ = {isa = PBXFileReference; lastKnownFileType = sourcecode.swift; path = TipsterTests.swift; sourceTree = "<group>"; };
		C83954C9218944E3002ACE49 /* Info.plist */ = {isa = PBXFileReference; lastKnownFileType = text.plist.xml; path = Info.plist; sourceTree = "<group>"; };
		C83954CE218944E3002ACE49 /* TipsterUITests.xctest */ = {isa = PBXFileReference; explicitFileType = wrapper.cfbundle; includeInIndex = 0; path = TipsterUITests.xctest; sourceTree = BUILT_PRODUCTS_DIR; };
		C83954D2218944E3002ACE49 /* TipsterUITests.swift */ = {isa = PBXFileReference; lastKnownFileType = sourcecode.swift; path = TipsterUITests.swift; sourceTree = "<group>"; };
		C83954D4218944E3002ACE49 /* Info.plist */ = {isa = PBXFileReference; lastKnownFileType = text.plist.xml; path = Info.plist; sourceTree = "<group>"; };
/* End PBXFileReference section */

/* Begin PBXFrameworksBuildPhase section */
		C83954AC218944E0002ACE49 /* Frameworks */ = {
			isa = PBXFrameworksBuildPhase;
			buildActionMask = 2147483647;
			files = (
			);
			runOnlyForDeploymentPostprocessing = 0;
		};
		C83954C0218944E3002ACE49 /* Frameworks */ = {
			isa = PBXFrameworksBuildPhase;
			buildActionMask = 2147483647;
			files = (
			);
			runOnlyForDeploymentPostprocessing = 0;
		};
		C83954CB218944E3002ACE49 /* Frameworks */ = {
			isa = PBXFrameworksBuildPhase;
			buildActionMask = 2147483647;
			files = (
			);
			runOnlyForDeploymentPostprocessing = 0;
		};
/* End PBXFrameworksBuildPhase section */

/* Begin PBXGroup section */
		C83954A6218944E0002ACE49 = {
			isa = PBXGroup;
			children = (
				C83954B1218944E0002ACE49 /* Tipster */,
				C83954C6218944E3002ACE49 /* TipsterTests */,
				C83954D1218944E3002ACE49 /* TipsterUITests */,
				C83954B0218944E0002ACE49 /* Products */,
			);
			sourceTree = "<group>";
		};
		C83954B0218944E0002ACE49 /* Products */ = {
			isa = PBXGroup;
			children = (
				C83954AF218944E0002ACE49 /* Tipster.app */,
				C83954C3218944E3002ACE49 /* TipsterTests.xctest */,
				C83954CE218944E3002ACE49 /* TipsterUITests.xctest */,
			);
			name = Products;
			sourceTree = "<group>";
		};
		C83954B1218944E0002ACE49 /* Tipster */ = {
			isa = PBXGroup;
			children = (
				C83954B2218944E0002ACE49 /* AppDelegate.swift */,
				C83954B4218944E0002ACE49 /* ViewController.swift */,
				C83954B6218944E0002ACE49 /* Main.storyboard */,
				C83954B9218944E3002ACE49 /* Assets.xcassets */,
				C83954BB218944E3002ACE49 /* LaunchScreen.storyboard */,
				C83954BE218944E3002ACE49 /* Info.plist */,
			);
			path = Tipster;
			sourceTree = "<group>";
		};
		C83954C6218944E3002ACE49 /* TipsterTests */ = {
			isa = PBXGroup;
			children = (
				C83954C7218944E3002ACE49 /* TipsterTests.swift */,
				C83954C9218944E3002ACE49 /* Info.plist */,
			);
			path = TipsterTests;
			sourceTree = "<group>";
		};
		C83954D1218944E3002ACE49 /* TipsterUITests */ = {
			isa = PBXGroup;
			children = (
				C83954D2218944E3002ACE49 /* TipsterUITests.swift */,
				C83954D4218944E3002ACE49 /* Info.plist */,
			);
			path = TipsterUITests;
			sourceTree = "<group>";
		};
/* End PBXGroup section */

/* Begin PBXNativeTarget section */
		C83954AE218944E0002ACE49 /* Tipster */ = {
			isa = PBXNativeTarget;
			buildConfigurationList = C83954D7218944E3002ACE49 /* Build configuration list for PBXNativeTarget "Tipster" */;
			buildPhases = (
				C83954AB218944E0002ACE49 /* Sources */,
				C83954AC218944E0002ACE49 /* Frameworks */,
				C83954AD218944E0002ACE49 /* Resources */,
			);
			buildRules = (
			);
			dependencies = (
			);
			name = Tipster;
			productName = Tipster;
			productReference = C83954AF218944E0002ACE49 /* Tipster.app */;
			productType = "com.apple.product-type.application";
		};
		C83954C2218944E3002ACE49 /* TipsterTests */ = {
			isa = PBXNativeTarget;
			buildConfigurationList = C83954DA218944E3002ACE49 /* Build configuration list for PBXNativeTarget "TipsterTests" */;
			buildPhases = (
				C83954BF218944E3002ACE49 /* Sources */,
				C83954C0218944E3002ACE49 /* Frameworks */,
				C83954C1218944E3002ACE49 /* Resources */,
			);
			buildRules = (
			);
			dependencies = (
				C83954C5218944E3002ACE49 /* PBXTargetDependency */,
			);
			name = TipsterTests;
			productName = TipsterTests;
			productReference = C83954C3218944E3002ACE49 /* TipsterTests.xctest */;
			productType = "com.apple.product-type.bundle.unit-test";
		};
		C83954CD218944E3002ACE49 /* TipsterUITests */ = {
			isa = PBXNativeTarget;
			buildConfigurationList = C83954DD218944E3002ACE49 /* Build configuration list for PBXNativeTarget "TipsterUITests" */;
			buildPhases = (
				C83954CA218944E3002ACE49 /* Sources */,
				C83954CB218944E3002ACE49 /* Frameworks */,
				C83954CC218944E3002ACE49 /* Resources */,
			);
			buildRules = (
			);
			dependencies = (
				C83954D0218944E3002ACE49 /* PBXTargetDependency */,
			);
			name = TipsterUITests;
			productName = TipsterUITests;
			productReference = C83954CE218944E3002ACE49 /* TipsterUITests.xctest */;
			productType = "com.apple.product-type.bundle.ui-testing";
		};
/* End PBXNativeTarget section */

/* Begin PBXProject section */
		C83954A7218944E0002ACE49 /* Project object */ = {
			isa = PBXProject;
			attributes = {
				LastSwiftUpdateCheck = 0940;
				LastUpgradeCheck = 0940;
				ORGANIZATIONNAME = "Stephon Fonrose";
				TargetAttributes = {
					C83954AE218944E0002ACE49 = {
						CreatedOnToolsVersion = 9.4.1;
					};
					C83954C2218944E3002ACE49 = {
						CreatedOnToolsVersion = 9.4.1;
						TestTargetID = C83954AE218944E0002ACE49;
					};
					C83954CD218944E3002ACE49 = {
						CreatedOnToolsVersion = 9.4.1;
						TestTargetID = C83954AE218944E0002ACE49;
					};
				};
			};
			buildConfigurationList = C83954AA218944E0002ACE49 /* Build configuration list for PBXProject "Tipster" */;
			compatibilityVersion = "Xcode 9.3";
			developmentRegion = en;
			hasScannedForEncodings = 0;
			knownRegions = (
				en,
				Base,
			);
			mainGroup = C83954A6218944E0002ACE49;
			productRefGroup = C83954B0218944E0002ACE49 /* Products */;
			projectDirPath = "";
			projectRoot = "";
			targets = (
				C83954AE218944E0002ACE49 /* Tipster */,
				C83954C2218944E3002ACE49 /* TipsterTests */,
				C83954CD218944E3002ACE49 /* TipsterUITests */,
			);
		};
/* End PBXProject section */

/* Begin PBXResourcesBuildPhase section */
		C83954AD218944E0002ACE49 /* Resources */ = {
			isa = PBXResourcesBuildPhase;
			buildActionMask = 2147483647;
			files = (
				C83954BD218944E3002ACE49 /* LaunchScreen.storyboard in Resources */,
				C83954BA218944E3002ACE49 /* Assets.xcassets in Resources */,
				C83954B8218944E0002ACE49 /* Main.storyboard in Resources */,
			);
			runOnlyForDeploymentPostprocessing = 0;
		};
		C83954C1218944E3002ACE49 /* Resources */ = {
			isa = PBXResourcesBuildPhase;
			buildActionMask = 2147483647;
			files = (
			);
			runOnlyForDeploymentPostprocessing = 0;
		};
		C83954CC218944E3002ACE49 /* Resources */ = {
			isa = PBXResourcesBuildPhase;
			buildActionMask = 2147483647;
			files = (
			);
			runOnlyForDeploymentPostprocessing = 0;
		};
/* End PBXResourcesBuildPhase section */

/* Begin PBXSourcesBuildPhase section */
		C83954AB218944E0002ACE49 /* Sources */ = {
			isa = PBXSourcesBuildPhase;
			buildActionMask = 2147483647;
			files = (
				C83954B5218944E0002ACE49 /* ViewController.swift in Sources */,
				C83954B3218944E0002ACE49 /* AppDelegate.swift in Sources */,
			);
			runOnlyForDeploymentPostprocessing = 0;
		};
		C83954BF218944E3002ACE49 /* Sources */ = {
			isa = PBXSourcesBuildPhase;
			buildActionMask = 2147483647;
			files = (
				C83954C8218944E3002ACE49 /* TipsterTests.swift in Sources */,
			);
			runOnlyForDeploymentPostprocessing = 0;
		};
		C83954CA218944E3002ACE49 /* Sources */ = {
			isa = PBXSourcesBuildPhase;
			buildActionMask = 2147483647;
			files = (
				C83954D3218944E3002ACE49 /* TipsterUITests.swift in Sources */,
			);
			runOnlyForDeploymentPostprocessing = 0;
		};
/* End PBXSourcesBuildPhase section */

/* Begin PBXTargetDependency section */
		C83954C5218944E3002ACE49 /* PBXTargetDependency */ = {
			isa = PBXTargetDependency;
			target = C83954AE218944E0002ACE49 /* Tipster */;
			targetProxy = C83954C4218944E3002ACE49 /* PBXContainerItemProxy */;
		};
		C83954D0218944E3002ACE49 /* PBXTargetDependency */ = {
			isa = PBXTargetDependency;
			target = C83954AE218944E0002ACE49 /* Tipster */;
			targetProxy = C83954CF218944E3002ACE49 /* PBXContainerItemProxy */;
		};
/* End PBXTargetDependency section */

/* Begin PBXVariantGroup section */
		C83954B6218944E0002ACE49 /* Main.storyboard */ = {
			isa = PBXVariantGroup;
			children = (
				C83954B7218944E0002ACE49 /* Base */,
			);
			name = Main.storyboard;
			sourceTree = "<group>";
		};
		C83954BB218944E3002ACE49 /* LaunchScreen.storyboard */ = {
			isa = PBXVariantGroup;
			children = (
				C83954BC218944E3002ACE49 /* Base */,
			);
			name = LaunchScreen.storyboard;
			sourceTree = "<group>";
		};
/* End PBXVariantGroup section */

/* Begin XCBuildConfiguration section */
		C83954D5218944E3002ACE49 /* Debug */ = {
			isa = XCBuildConfiguration;
			buildSettings = {
				ALWAYS_SEARCH_USER_PATHS = NO;
				CLANG_ANALYZER_NONNULL = YES;
				CLANG_ANALYZER_NUMBER_OBJECT_CONVERSION = YES_AGGRESSIVE;
				CLANG_CXX_LANGUAGE_STANDARD = "gnu++14";
				CLANG_CXX_LIBRARY = "libc++";
				CLANG_ENABLE_MODULES = YES;
				CLANG_ENABLE_OBJC_ARC = YES;
				CLANG_ENABLE_OBJC_WEAK = YES;
				CLANG_WARN_BLOCK_CAPTURE_AUTORELEASING = YES;
				CLANG_WARN_BOOL_CONVERSION = YES;
				CLANG_WARN_COMMA = YES;
				CLANG_WARN_CONSTANT_CONVERSION = YES;
				CLANG_WARN_DEPRECATED_OBJC_IMPLEMENTATIONS = YES;
				CLANG_WARN_DIRECT_OBJC_ISA_USAGE = YES_ERROR;
				CLANG_WARN_DOCUMENTATION_COMMENTS = YES;
				CLANG_WARN_EMPTY_BODY = YES;
				CLANG_WARN_ENUM_CONVERSION = YES;
				CLANG_WARN_INFINITE_RECURSION = YES;
				CLANG_WARN_INT_CONVERSION = YES;
				CLANG_WARN_NON_LITERAL_NULL_CONVERSION = YES;
				CLANG_WARN_OBJC_IMPLICIT_RETAIN_SELF = YES;
				CLANG_WARN_OBJC_LITERAL_CONVERSION = YES;
				CLANG_WARN_OBJC_ROOT_CLASS = YES_ERROR;
				CLANG_WARN_RANGE_LOOP_ANALYSIS = YES;
				CLANG_WARN_STRICT_PROTOTYPES = YES;
				CLANG_WARN_SUSPICIOUS_MOVE = YES;
				CLANG_WARN_UNGUARDED_AVAILABILITY = YES_AGGRESSIVE;
				CLANG_WARN_UNREACHABLE_CODE = YES;
				CLANG_WARN__DUPLICATE_METHOD_MATCH = YES;
				CODE_SIGN_IDENTITY = "iPhone Developer";
				COPY_PHASE_STRIP = NO;
				DEBUG_INFORMATION_FORMAT = dwarf;
				ENABLE_STRICT_OBJC_MSGSEND = YES;
				ENABLE_TESTABILITY = YES;
				GCC_C_LANGUAGE_STANDARD = gnu11;
				GCC_DYNAMIC_NO_PIC = NO;
				GCC_NO_COMMON_BLOCKS = YES;
				GCC_OPTIMIZATION_LEVEL = 0;
				GCC_PREPROCESSOR_DEFINITIONS = (
					"DEBUG=1",
					"$(inherited)",
				);
				GCC_WARN_64_TO_32_BIT_CONVERSION = YES;
				GCC_WARN_ABOUT_RETURN_TYPE = YES_ERROR;
				GCC_WARN_UNDECLARED_SELECTOR = YES;
				GCC_WARN_UNINITIALIZED_AUTOS = YES_AGGRESSIVE;
				GCC_WARN_UNUSED_FUNCTION = YES;
				GCC_WARN_UNUSED_VARIABLE = YES;
				IPHONEOS_DEPLOYMENT_TARGET = 11.4;
				MTL_ENABLE_DEBUG_INFO = YES;
				ONLY_ACTIVE_ARCH = YES;
				SDKROOT = iphoneos;
				SWIFT_ACTIVE_COMPILATION_CONDITIONS = DEBUG;
				SWIFT_OPTIMIZATION_LEVEL = "-Onone";
			};
			name = Debug;
		};
		C83954D6218944E3002ACE49 /* Release */ = {
			isa = XCBuildConfiguration;
			buildSettings = {
				ALWAYS_SEARCH_USER_PATHS = NO;
				CLANG_ANALYZER_NONNULL = YES;
				CLANG_ANALYZER_NUMBER_OBJECT_CONVERSION = YES_AGGRESSIVE;
				CLANG_CXX_LANGUAGE_STANDARD = "gnu++14";
				CLANG_CXX_LIBRARY = "libc++";
				CLANG_ENABLE_MODULES = YES;
				CLANG_ENABLE_OBJC_ARC = YES;
				CLANG_ENABLE_OBJC_WEAK = YES;
				CLANG_WARN_BLOCK_CAPTURE_AUTORELEASING = YES;
				CLANG_WARN_BOOL_CONVERSION = YES;
				CLANG_WARN_COMMA = YES;
				CLANG_WARN_CONSTANT_CONVERSION = YES;
				CLANG_WARN_DEPRECATED_OBJC_IMPLEMENTATIONS = YES;
				CLANG_WARN_DIRECT_OBJC_ISA_USAGE = YES_ERROR;
				CLANG_WARN_DOCUMENTATION_COMMENTS = YES;
				CLANG_WARN_EMPTY_BODY = YES;
				CLANG_WARN_ENUM_CONVERSION = YES;
				CLANG_WARN_INFINITE_RECURSION = YES;
				CLANG_WARN_INT_CONVERSION = YES;
				CLANG_WARN_NON_LITERAL_NULL_CONVERSION = YES;
				CLANG_WARN_OBJC_IMPLICIT_RETAIN_SELF = YES;
				CLANG_WARN_OBJC_LITERAL_CONVERSION = YES;
				CLANG_WARN_OBJC_ROOT_CLASS = YES_ERROR;
				CLANG_WARN_RANGE_LOOP_ANALYSIS = YES;
				CLANG_WARN_STRICT_PROTOTYPES = YES;
				CLANG_WARN_SUSPICIOUS_MOVE = YES;
				CLANG_WARN_UNGUARDED_AVAILABILITY = YES_AGGRESSIVE;
				CLANG_WARN_UNREACHABLE_CODE = YES;
				CLANG_WARN__DUPLICATE_METHOD_MATCH = YES;
				CODE_SIGN_IDENTITY = "iPhone Developer";
				COPY_PHASE_STRIP = NO;
				DEBUG_INFORMATION_FORMAT = "dwarf-with-dsym";
				ENABLE_NS_ASSERTIONS = NO;
				ENABLE_STRICT_OBJC_MSGSEND = YES;
				GCC_C_LANGUAGE_STANDARD = gnu11;
				GCC_NO_COMMON_BLOCKS = YES;
				GCC_WARN_64_TO_32_BIT_CONVERSION = YES;
				GCC_WARN_ABOUT_RETURN_TYPE = YES_ERROR;
				GCC_WARN_UNDECLARED_SELECTOR = YES;
				GCC_WARN_UNINITIALIZED_AUTOS = YES_AGGRESSIVE;
				GCC_WARN_UNUSED_FUNCTION = YES;
				GCC_WARN_UNUSED_VARIABLE = YES;
				IPHONEOS_DEPLOYMENT_TARGET = 11.4;
				MTL_ENABLE_DEBUG_INFO = NO;
				SDKROOT = iphoneos;
				SWIFT_COMPILATION_MODE = wholemodule;
				SWIFT_OPTIMIZATION_LEVEL = "-O";
				VALIDATE_PRODUCT = YES;
			};
			name = Release;
		};
		C83954D8218944E3002ACE49 /* Debug */ = {
			isa = XCBuildConfiguration;
			buildSettings = {
				ASSETCATALOG_COMPILER_APPICON_NAME = AppIcon;
				CODE_SIGN_STYLE = Automatic;
				INFOPLIST_FILE = Tipster/Info.plist;
				LD_RUNPATH_SEARCH_PATHS = (
					"$(inherited)",
					"@executable_path/Frameworks",
				);
				PRODUCT_BUNDLE_IDENTIFIER = codepath.Tipster;
				PRODUCT_NAME = "$(TARGET_NAME)";
				SWIFT_VERSION = 4.0;
				TARGETED_DEVICE_FAMILY = "1,2";
			};
			name = Debug;
		};
		C83954D9218944E3002ACE49 /* Release */ = {
			isa = XCBuildConfiguration;
			buildSettings = {
				ASSETCATALOG_COMPILER_APPICON_NAME = AppIcon;
				CODE_SIGN_STYLE = Automatic;
				INFOPLIST_FILE = Tipster/Info.plist;
				LD_RUNPATH_SEARCH_PATHS = (
					"$(inherited)",
					"@executable_path/Frameworks",
				);
				PRODUCT_BUNDLE_IDENTIFIER = codepath.Tipster;
				PRODUCT_NAME = "$(TARGET_NAME)";
				SWIFT_VERSION = 4.0;
				TARGETED_DEVICE_FAMILY = "1,2";
			};
			name = Release;
		};
		C83954DB218944E3002ACE49 /* Debug */ = {
			isa = XCBuildConfiguration;
			buildSettings = {
				ALWAYS_EMBED_SWIFT_STANDARD_LIBRARIES = YES;
				BUNDLE_LOADER = "$(TEST_HOST)";
				CODE_SIGN_STYLE = Automatic;
				INFOPLIST_FILE = TipsterTests/Info.plist;
				LD_RUNPATH_SEARCH_PATHS = (
					"$(inherited)",
					"@executable_path/Frameworks",
					"@loader_path/Frameworks",
				);
				PRODUCT_BUNDLE_IDENTIFIER = codepath.TipsterTests;
				PRODUCT_NAME = "$(TARGET_NAME)";
				SWIFT_VERSION = 4.0;
				TARGETED_DEVICE_FAMILY = "1,2";
				TEST_HOST = "$(BUILT_PRODUCTS_DIR)/Tipster.app/Tipster";
			};
			name = Debug;
		};
		C83954DC218944E3002ACE49 /* Release */ = {
			isa = XCBuildConfiguration;
			buildSettings = {
				ALWAYS_EMBED_SWIFT_STANDARD_LIBRARIES = YES;
				BUNDLE_LOADER = "$(TEST_HOST)";
				CODE_SIGN_STYLE = Automatic;
				INFOPLIST_FILE = TipsterTests/Info.plist;
				LD_RUNPATH_SEARCH_PATHS = (
					"$(inherited)",
					"@executable_path/Frameworks",
					"@loader_path/Frameworks",
				);
				PRODUCT_BUNDLE_IDENTIFIER = codepath.TipsterTests;
				PRODUCT_NAME = "$(TARGET_NAME)";
				SWIFT_VERSION = 4.0;
				TARGETED_DEVICE_FAMILY = "1,2";
				TEST_HOST = "$(BUILT_PRODUCTS_DIR)/Tipster.app/Tipster";
			};
			name = Release;
		};
		C83954DE218944E3002ACE49 /* Debug */ = {
			isa = XCBuildConfiguration;
			buildSettings = {
				ALWAYS_EMBED_SWIFT_STANDARD_LIBRARIES = YES;
				CODE_SIGN_STYLE = Automatic;
				INFOPLIST_FILE = TipsterUITests/Info.plist;
				LD_RUNPATH_SEARCH_PATHS = (
					"$(inherited)",
					"@executable_path/Frameworks",
					"@loader_path/Frameworks",
				);
				PRODUCT_BUNDLE_IDENTIFIER = codepath.TipsterUITests;
				PRODUCT_NAME = "$(TARGET_NAME)";
				SWIFT_VERSION = 4.0;
				TARGETED_DEVICE_FAMILY = "1,2";
				TEST_TARGET_NAME = Tipster;
			};
			name = Debug;
		};
		C83954DF218944E3002ACE49 /* Release */ = {
			isa = XCBuildConfiguration;
			buildSettings = {
				ALWAYS_EMBED_SWIFT_STANDARD_LIBRARIES = YES;
				CODE_SIGN_STYLE = Automatic;
				INFOPLIST_FILE = TipsterUITests/Info.plist;
				LD_RUNPATH_SEARCH_PATHS = (
					"$(inherited)",
					"@executable_path/Frameworks",
					"@loader_path/Frameworks",
				);
				PRODUCT_BUNDLE_IDENTIFIER = codepath.TipsterUITests;
				PRODUCT_NAME = "$(TARGET_NAME)";
				SWIFT_VERSION = 4.0;
				TARGETED_DEVICE_FAMILY = "1,2";
				TEST_TARGET_NAME = Tipster;
			};
			name = Release;
		};
/* End XCBuildConfiguration section */

/* Begin XCConfigurationList section */
		C83954AA218944E0002ACE49 /* Build configuration list for PBXProject "Tipster" */ = {
			isa = XCConfigurationList;
			buildConfigurations = (
				C83954D5218944E3002ACE49 /* Debug */,
				C83954D6218944E3002ACE49 /* Release */,
			);
			defaultConfigurationIsVisible = 0;
			defaultConfigurationName = Release;
		};
		C83954D7218944E3002ACE49 /* Build configuration list for PBXNativeTarget "Tipster" */ = {
			isa = XCConfigurationList;
			buildConfigurations = (
				C83954D8218944E3002ACE49 /* Debug */,
				C83954D9218944E3002ACE49 /* Release */,
			);
			defaultConfigurationIsVisible = 0;
			defaultConfigurationName = Release;
		};
		C83954DA218944E3002ACE49 /* Build configuration list for PBXNativeTarget "TipsterTests" */ = {
			isa = XCConfigurationList;
			buildConfigurations = (
				C83954DB218944E3002ACE49 /* Debug */,
				C83954DC218944E3002ACE49 /* Release */,
			);
			defaultConfigurationIsVisible = 0;
			defaultConfigurationName = Release;
		};
		C83954DD218944E3002ACE49 /* Build configuration list for PBXNativeTarget "TipsterUITests" */ = {
			isa = XCConfigurationList;
			buildConfigurations = (
				C83954DE218944E3002ACE49 /* Debug */,
				C83954DF218944E3002ACE49 /* Release */,
			);
			defaultConfigurationIsVisible = 0;
			defaultConfigurationName = Release;
		};
/* End XCConfigurationList section */
	};
	rootObject = C83954A7218944E0002ACE49 /* Project object */;
}
